
Microsoft Visual Studio Solution File, Format Version 12.00
# Visual Studio 15
VisualStudioVersion = 15.0.28307.1000
MinimumVisualStudioVersion = 10.0.40219.1
Project("{8BC9CEB8-8B4A-11D0-8D11-00A0C91BC942}") = "Computer_Room_Reservation_system", "Computer_Room_Reservation_system\Computer_Room_Reservation_system.vcxproj", "{F7531E58-95F3-4D8F-B993-7AA0E5F40615}"
EndProject
Global
	GlobalSection(SolutionConfigurationPlatforms) = preSolution
		Debug|x64 = Debug|x64
		Debug|x86 = Debug|x86
		Release|x64 = Release|x64
		Release|x86 = Release|x86
	EndGlobalSection
	GlobalSection(ProjectConfigurationPlatforms) = postSolution
		{F7531E58-95F3-4D8F-B993-7AA0E5F40615}.Debug|x64.ActiveCfg = Debug|x64
		{F7531E58-95F3-4D8F-B993-7AA0E5F40615}.Debug|x64.Build.0 = Debug|x64
		{F7531E58-95F3-4D8F-B993-7AA0E5F40615}.Debug|x86.ActiveCfg = Debug|Win32
		{F7531E58-95F3-4D8F-B993-7AA0E5F40615}.Debug|x86.Build.0 = Debug|Win32
		{F7531E58-95F3-4D8F-B993-7AA0E5F40615}.Release|x64.ActiveCfg = Release|x64
		{F7531E58-95F3-4D8F-B993-7AA0E5F40615}.Release|x64.Build.0 = Release|x64
		{F7531E58-95F3-4D8F-B993-7AA0E5F40615}.Release|x86.ActiveCfg = Release|Win32
		{F7531E58-95F3-4D8F-B993-7AA0E5F40615}.Release|x86.Build.0 = Release|Win32
	EndGlobalSection
	GlobalSection(SolutionProperties) = preSolution
		HideSolutionNode = FALSE
	EndGlobalSection
	GlobalSection(ExtensibilityGlobals) = postSolution
		SolutionGuid = {1CADC82C-812E-4049-89C1-D0E6BCF89AB3}
	EndGlobalSection
EndGlobal
