
Microsoft Visual Studio Solution File, Format Version 12.00
# Visual Studio 15
VisualStudioVersion = 15.0.28307.1000
MinimumVisualStudioVersion = 10.0.40219.1
Project("{8BC9CEB8-8B4A-11D0-8D11-00A0C91BC942}") = "类", "类\类.vcxproj", "{AC29C15E-0868-4A87-8A92-DC544FD3A621}"
EndProject
Global
	GlobalSection(SolutionConfigurationPlatforms) = preSolution
		Debug|x64 = Debug|x64
		Debug|x86 = Debug|x86
		Release|x64 = Release|x64
		Release|x86 = Release|x86
	EndGlobalSection
	GlobalSection(ProjectConfigurationPlatforms) = postSolution
		{AC29C15E-0868-4A87-8A92-DC544FD3A621}.Debug|x64.ActiveCfg = Debug|x64
		{AC29C15E-0868-4A87-8A92-DC544FD3A621}.Debug|x64.Build.0 = Debug|x64
		{AC29C15E-0868-4A87-8A92-DC544FD3A621}.Debug|x86.ActiveCfg = Debug|Win32
		{AC29C15E-0868-4A87-8A92-DC544FD3A621}.Debug|x86.Build.0 = Debug|Win32
		{AC29C15E-0868-4A87-8A92-DC544FD3A621}.Release|x64.ActiveCfg = Release|x64
		{AC29C15E-0868-4A87-8A92-DC544FD3A621}.Release|x64.Build.0 = Release|x64
		{AC29C15E-0868-4A87-8A92-DC544FD3A621}.Release|x86.ActiveCfg = Release|Win32
		{AC29C15E-0868-4A87-8A92-DC544FD3A621}.Release|x86.Build.0 = Release|Win32
	EndGlobalSection
	GlobalSection(SolutionProperties) = preSolution
		HideSolutionNode = FALSE
	EndGlobalSection
	GlobalSection(ExtensibilityGlobals) = postSolution
		SolutionGuid = {EDD4C5F8-51A4-48FE-9693-74E3FE025CC8}
	EndGlobalSection
EndGlobal
